lockfileVersion: '9.0'

settings:
  autoInstallPeers: true
  excludeLinksFromLockfile: false

importers:

  .:
    dependencies:
      '@repo/ui':
        specifier: workspace:*
        version: link:../../packages/ui
      '@youngro/chat-zustand':
        specifier: workspace:*
        version: link:../../packages/chat-zustand
      '@youngro/design-tokens':
        specifier: workspace:*
        version: link:../../packages/design-tokens
      '@youngro/feature-youngro-card':
        specifier: workspace:*
        version: link:../../packages/feature-youngro-card
      '@youngro/icons':
        specifier: workspace:*
        version: link:../../packages/youngro-icons
      '@youngro/store-card':
        specifier: workspace:*
        version: link:../../packages/store-card
    devDependencies:
      '@repo/eslint-config':
        specifier: workspace:*
        version: link:../../packages/eslint-config
      '@repo/typescript-config':
        specifier: workspace:*
        version: link:../../packages/typescript-config
