lockfileVersion: '9.0'

settings:
  autoInstallPeers: true
  excludeLinksFromLockfile: false

importers:

  .:
    devDependencies:
      '@svgr/core':
        specifier: ^8.1.0
        version: 8.1.0
      '@svgr/plugin-jsx':
        specifier: ^8.1.0
        version: 8.1.0(@svgr/core@8.1.0)
      '@svgr/plugin-prettier':
        specifier: ^8.1.0
        version: 8.1.0(@svgr/core@8.1.0)
      '@svgr/plugin-svgo':
        specifier: ^8.1.0
        version: 8.1.0(@svgr/core@8.1.0)

  ../..: {}

  ../../../../airi: {}

  ../../../../airi/apps/component-calling: {}

  ../../../../airi/apps/stage-tamagotchi: {}

  ../../../../airi/apps/stage-web: {}

  ../../../../airi/docs: {}

  ../../../../airi/packages/audio: {}

  ../../../../airi/packages/ccc: {}

  ../../../../airi/packages/core-character: {}

  ../../../../airi/packages/font-cjkfonts-allseto: {}

  ../../../../airi/packages/font-departure-mono: {}

  ../../../../airi/packages/font-xiaolai: {}

  ../../../../airi/packages/i18n: {}

  ../../../../airi/packages/injecta: {}

  ../../../../airi/packages/memory-pgvector: {}

  ../../../../airi/packages/pipelines-audio: {}

  ../../../../airi/packages/server-runtime: {}

  ../../../../airi/packages/server-sdk: {}

  ../../../../airi/packages/server-shared: {}

  ../../../../airi/packages/stage-pages: {}

  ../../../../airi/packages/stage-shared: {}

  ../../../../airi/packages/stage-ui: {}

  ../../../../airi/packages/stage-ui-three: {}

  ../../../../airi/packages/tauri-plugin-mcp: {}

  ../../../../airi/packages/tresjs: {}

  ../../../../airi/packages/ui: {}

  ../../../../airi/packages/ui-loading-screens: {}

  ../../../../airi/packages/ui-transitions: {}

  ../../../../airi/packages/unocss-preset-fonts: {}

  ../../../../airi/plugins/airi-plugin-claude-code: {}

  ../../../../airi/plugins/airi-plugin-web-extension: {}

  ../../../../airi/services/discord-bot: {}

  ../../../../airi/services/minecraft: {}

  ../../../../airi/services/telegram-bot: {}

  ../../../../airi/services/twitter-services: {}

  ../../apps/docs: {}

  ../../apps/web: {}

  ../chat-zustand: {}

  ../design-tokens: {}

  ../emotion-tokens: {}

  ../eslint-config: {}

  ../feature-youngro-card: {}

  ../lib-utils: {}

  ../store-card: {}

  ../typescript-config: {}

  ../ui: {}

packages:

  '@babel/code-frame@7.27.1':
    resolution: {integrity: sha512-cjQ7ZlQ0Mv3b47hABuTevyTuYN4i+loJKGeV9flcCgIK37cCXRh+L1bd3iBHlynerhQ7BhCkn2BPbQUL+rGqFg==}
    engines: {node: '>=6.9.0'}

  '@babel/compat-data@7.28.5':
    resolution: {integrity: sha512-6uFXyCayocRbqhZOB+6XcuZbkMNimwfVGFji8CTZnCzOHVGvDqzvitu1re2AU5LROliz7eQPhB8CpAMvnx9EjA==}
    engines: {node: '>=6.9.0'}

  '@babel/core@7.28.5':
    resolution: {integrity: sha512-e7jT4DxYvIDLk1ZHmU/m/mB19rex9sv0c2ftBtjSBv+kVM/902eh0fINUzD7UwLLNR+jU585GxUJ8/EBfAM5fw==}
    engines: {node: '>=6.9.0'}

  '@babel/generator@7.28.5':
    resolution: {integrity: sha512-3EwLFhZ38J4VyIP6WNtt2kUdW9dokXA9Cr4IVIFHuCpZ3H8/YFOl5JjZHisrn1fATPBmKKqXzDFvh9fUwHz6CQ==}
    engines: {node: '>=6.9.0'}

  '@babel/helper-compilation-targets@7.27.2':
    resolution: {integrity: sha512-2+1thGUUWWjLTYTHZWK1n8Yga0ijBz1XAhUXcKy81rd5g6yh7hGqMp45v7cadSbEHc9G3OTv45SyneRN3ps4DQ==}
    engines: {node: '>=6.9.0'}

  '@babel/helper-globals@7.28.0':
    resolution: {integrity: sha512-+W6cISkXFa1jXsDEdYA8HeevQT/FULhxzR99pxphltZcVaugps53THCeiWA8SguxxpSp3gKPiuYfSWopkLQ4hw==}
    engines: {node: '>=6.9.0'}

  '@babel/helper-module-imports@7.27.1':
    resolution: {integrity: sha512-0gSFWUPNXNopqtIPQvlD5WgXYI5GY2kP2cCvoT8kczjbfcfuIljTbcWrulD1CIPIX2gt1wghbDy08yE1p+/r3w==}
    engines: {node: '>=6.9.0'}

  '@babel/helper-module-transforms@7.28.3':
    resolution: {integrity: sha512-gytXUbs8k2sXS9PnQptz5o0QnpLL51SwASIORY6XaBKF88nsOT0Zw9szLqlSGQDP/4TljBAD5y98p2U1fqkdsw==}
    engines: {node: '>=6.9.0'}
    peerDependencies:
      '@babel/core': ^7.0.0

  '@babel/helper-string-parser@7.27.1':
    resolution: {integrity: sha512-qMlSxKbpRlAridDExk92nSobyDdpPijUq2DW6oDnUqd0iOGxmQjyqhMIihI9+zv4LPyZdRje2cavWPbCbWm3eA==}
    engines: {node: '>=6.9.0'}

  '@babel/helper-validator-identifier@7.28.5':
    resolution: {integrity: sha512-qSs4ifwzKJSV39ucNjsvc6WVHs6b7S03sOh2OcHF9UHfVPqWWALUsNUVzhSBiItjRZoLHx7nIarVjqKVusUZ1Q==}
    engines: {node: '>=6.9.0'}

  '@babel/helper-validator-option@7.27.1':
    resolution: {integrity: sha512-YvjJow9FxbhFFKDSuFnVCe2WxXk1zWc22fFePVNEaWJEu8IrZVlda6N0uHwzZrUM1il7NC9Mlp4MaJYbYd9JSg==}
    engines: {node: '>=6.9.0'}

  '@babel/helpers@7.28.4':
    resolution: {integrity: sha512-HFN59MmQXGHVyYadKLVumYsA9dBFun/ldYxipEjzA4196jpLZd8UjEEBLkbEkvfYreDqJhZxYAWFPtrfhNpj4w==}
    engines: {node: '>=6.9.0'}

  '@babel/parser@7.28.5':
    resolution: {integrity: sha512-KKBU1VGYR7ORr3At5HAtUQ+TV3SzRCXmA/8OdDZiLDBIZxVyzXuztPjfLd3BV1PRAQGCMWWSHYhL0F8d5uHBDQ==}
    engines: {node: '>=6.0.0'}
    hasBin: true

  '@babel/template@7.27.2':
    resolution: {integrity: sha512-LPDZ85aEJyYSd18/DkjNh4/y1ntkE5KwUHWTiqgRxruuZL2F1yuHligVHLvcHY2vMHXttKFpJn6LwfI7cw7ODw==}
    engines: {node: '>=6.9.0'}

  '@babel/traverse@7.28.5':
    resolution: {integrity: sha512-TCCj4t55U90khlYkVV/0TfkJkAkUg3jZFA3Neb7unZT8CPok7iiRfaX0F+WnqWqt7OxhOn0uBKXCw4lbL8W0aQ==}
    engines: {node: '>=6.9.0'}

  '@babel/types@7.28.5':
    resolution: {integrity: sha512-qQ5m48eI/MFLQ5PxQj4PFaprjyCTLI37ElWMmNs0K8Lk3dVeOdNpB3ks8jc7yM5CDmVC73eMVk/trk3fgmrUpA==}
    engines: {node: '>=6.9.0'}

  '@jridgewell/gen-mapping@0.3.13':
    resolution: {integrity: sha512-2kkt/7niJ6MgEPxF0bYdQ6etZaA+fQvDcLKckhy1yIQOzaoKjBBjSj63/aLVjYE3qhRt5dvM+uUyfCg6UKCBbA==}

  '@jridgewell/remapping@2.3.5':
    resolution: {integrity: sha512-LI9u/+laYG4Ds1TDKSJW2YPrIlcVYOwi2fUC6xB43lueCjgxV4lffOCZCtYFiH6TNOX+tQKXx97T4IKHbhyHEQ==}

  '@jridgewell/resolve-uri@3.1.2':
    resolution: {integrity: sha512-bRISgCIjP20/tbWSPWMEi54QVPRZExkuD9lJL+UIxUKtwVJA8wW1Trb1jMs1RFXo1CBTNZ/5hpC9QvmKWdopKw==}
    engines: {node: '>=6.0.0'}

  '@jridgewell/sourcemap-codec@1.5.5':
    resolution: {integrity: sha512-cYQ9310grqxueWbl+WuIUIaiUaDcj7WOq5fVhEljNVgRfOUhY9fy2zTvfoqWsnebh8Sl70VScFbICvJnLKB0Og==}

  '@jridgewell/trace-mapping@0.3.31':
    resolution: {integrity: sha512-zzNR+SdQSDJzc8joaeP8QQoCQr8NuYx2dIIytl1QeBEZHJ9uW6hebsrYgbz8hJwUQao3TWCMtmfV8Nu1twOLAw==}

  '@svgr/babel-plugin-add-jsx-attribute@8.0.0':
    resolution: {integrity: sha512-b9MIk7yhdS1pMCZM8VeNfUlSKVRhsHZNMl5O9SfaX0l0t5wjdgu4IDzGB8bpnGBBOjGST3rRFVsaaEtI4W6f7g==}
    engines: {node: '>=14'}
    peerDependencies:
      '@babel/core': ^7.0.0-0

  '@svgr/babel-plugin-remove-jsx-attribute@8.0.0':
    resolution: {integrity: sha512-BcCkm/STipKvbCl6b7QFrMh/vx00vIP63k2eM66MfHJzPr6O2U0jYEViXkHJWqXqQYjdeA9cuCl5KWmlwjDvbA==}
    engines: {node: '>=14'}
    peerDependencies:
      '@babel/core': ^7.0.0-0

  '@svgr/babel-plugin-remove-jsx-empty-expression@8.0.0':
    resolution: {integrity: sha512-5BcGCBfBxB5+XSDSWnhTThfI9jcO5f0Ai2V24gZpG+wXF14BzwxxdDb4g6trdOux0rhibGs385BeFMSmxtS3uA==}
    engines: {node: '>=14'}
    peerDependencies:
      '@babel/core': ^7.0.0-0

  '@svgr/babel-plugin-replace-jsx-attribute-value@8.0.0':
    resolution: {integrity: sha512-KVQ+PtIjb1BuYT3ht8M5KbzWBhdAjjUPdlMtpuw/VjT8coTrItWX6Qafl9+ji831JaJcu6PJNKCV0bp01lBNzQ==}
    engines: {node: '>=14'}
    peerDependencies:
      '@babel/core': ^7.0.0-0

  '@svgr/babel-plugin-svg-dynamic-title@8.0.0':
    resolution: {integrity: sha512-omNiKqwjNmOQJ2v6ge4SErBbkooV2aAWwaPFs2vUY7p7GhVkzRkJ00kILXQvRhA6miHnNpXv7MRnnSjdRjK8og==}
    engines: {node: '>=14'}
    peerDependencies:
      '@babel/core': ^7.0.0-0

  '@svgr/babel-plugin-svg-em-dimensions@8.0.0':
    resolution: {integrity: sha512-mURHYnu6Iw3UBTbhGwE/vsngtCIbHE43xCRK7kCw4t01xyGqb2Pd+WXekRRoFOBIY29ZoOhUCTEweDMdrjfi9g==}
    engines: {node: '>=14'}
    peerDependencies:
      '@babel/core': ^7.0.0-0

  '@svgr/babel-plugin-transform-react-native-svg@8.1.0':
    resolution: {integrity: sha512-Tx8T58CHo+7nwJ+EhUwx3LfdNSG9R2OKfaIXXs5soiy5HtgoAEkDay9LIimLOcG8dJQH1wPZp/cnAv6S9CrR1Q==}
    engines: {node: '>=14'}
    peerDependencies:
      '@babel/core': ^7.0.0-0

  '@svgr/babel-plugin-transform-svg-component@8.0.0':
    resolution: {integrity: sha512-DFx8xa3cZXTdb/k3kfPeaixecQLgKh5NVBMwD0AQxOzcZawK4oo1Jh9LbrcACUivsCA7TLG8eeWgrDXjTMhRmw==}
    engines: {node: '>=12'}
    peerDependencies:
      '@babel/core': ^7.0.0-0

  '@svgr/babel-preset@8.1.0':
    resolution: {integrity: sha512-7EYDbHE7MxHpv4sxvnVPngw5fuR6pw79SkcrILHJ/iMpuKySNCl5W1qcwPEpU+LgyRXOaAFgH0KhwD18wwg6ug==}
    engines: {node: '>=14'}
    peerDependencies:
      '@babel/core': ^7.0.0-0

  '@svgr/core@8.1.0':
    resolution: {integrity: sha512-8QqtOQT5ACVlmsvKOJNEaWmRPmcojMOzCz4Hs2BGG/toAp/K38LcsMRyLp349glq5AzJbCEeimEoxaX6v/fLrA==}
    engines: {node: '>=14'}

  '@svgr/hast-util-to-babel-ast@8.0.0':
    resolution: {integrity: sha512-EbDKwO9GpfWP4jN9sGdYwPBU0kdomaPIL2Eu4YwmgP+sJeXT+L7bMwJUBnhzfH8Q2qMBqZ4fJwpCyYsAN3mt2Q==}
    engines: {node: '>=14'}

  '@svgr/plugin-jsx@8.1.0':
    resolution: {integrity: sha512-0xiIyBsLlr8quN+WyuxooNW9RJ0Dpr8uOnH/xrCVO8GLUcwHISwj1AG0k+LFzteTkAA0GbX0kj9q6Dk70PTiPA==}
    engines: {node: '>=14'}
    peerDependencies:
      '@svgr/core': '*'

  '@svgr/plugin-prettier@8.1.0':
    resolution: {integrity: sha512-o4/uFI8G64tAjBZ4E7gJfH+VP7Qi3T0+M4WnIsP91iFnGPqs5WvPDkpZALXPiyWEtzfYs1Rmwy1Zdfu8qoZuKw==}
    engines: {node: '>=14'}
    peerDependencies:
      '@svgr/core': '*'

  '@svgr/plugin-svgo@8.1.0':
    resolution: {integrity: sha512-Ywtl837OGO9pTLIN/onoWLmDQ4zFUycI1g76vuKGEz6evR/ZTJlJuz3G/fIkb6OVBJ2g0o6CGJzaEjfmEo3AHA==}
    engines: {node: '>=14'}
    peerDependencies:
      '@svgr/core': '*'

  '@trysound/sax@0.2.0':
    resolution: {integrity: sha512-L7z9BgrNEcYyUYtF+HaEfiS5ebkh9jXqbszz7pC0hRBPaatV0XjSD3+eHrpqFemQfgwiFF0QPIarnIihIDn7OA==}
    engines: {node: '>=10.13.0'}

  argparse@2.0.1:
    resolution: {integrity: sha512-8+9WqebbFzpX9OR+Wa6O29asIogeRMzcGtAINdpMHHyAg10f05aSFVBbcEqGf/PXw1EjAZ+q2/bEBg3DvurK3Q==}

  baseline-browser-mapping@2.8.29:
    resolution: {integrity: sha512-sXdt2elaVnhpDNRDz+1BDx1JQoJRuNk7oVlAlbGiFkLikHCAQiccexF/9e91zVi6RCgqspl04aP+6Cnl9zRLrA==}
    hasBin: true

  boolbase@1.0.0:
    resolution: {integrity: sha512-JZOSA7Mo9sNGB8+UjSgzdLtokWAky1zbztM3WRLCbZ70/3cTANmQmOdR7y2g+J0e2WXywy1yS468tY+IruqEww==}

  browserslist@4.28.0:
    resolution: {integrity: sha512-tbydkR/CxfMwelN0vwdP/pLkDwyAASZ+VfWm4EOwlB6SWhx1sYnWLqo8N5j0rAzPfzfRaxt0mM/4wPU/Su84RQ==}
    engines: {node: ^6 || ^7 || ^8 || ^9 || ^10 || ^11 || ^12 || >=13.7}
    hasBin: true

  callsites@3.1.0:
    resolution: {integrity: sha512-P8BjAsXvZS+VIDUI11hHCQEv74YT67YUi5JJFNWIqL235sBmjX4+qx9Muvls5ivyNENctx46xQLQ3aTuE7ssaQ==}
    engines: {node: '>=6'}

  camelcase@6.3.0:
    resolution: {integrity: sha512-Gmy6FhYlCY7uOElZUSbxo2UCDH8owEk996gkbrpsgGtrJLM3J7jGxl9Ic7Qwwj4ivOE5AWZWRMecDdF7hqGjFA==}
    engines: {node: '>=10'}

  caniuse-lite@1.0.30001756:
    resolution: {integrity: sha512-4HnCNKbMLkLdhJz3TToeVWHSnfJvPaq6vu/eRP0Ahub/07n484XHhBF5AJoSGHdVrS8tKFauUQz8Bp9P7LVx7A==}

  commander@7.2.0:
    resolution: {integrity: sha512-QrWXB+ZQSVPmIWIhtEO9H+gwHaMGYiF5ChvoJ+K9ZGHG/sVsa6yiesAD1GC/x46sET00Xlwo1u49RVVVzvcSkw==}
    engines: {node: '>= 10'}

  convert-source-map@2.0.0:
    resolution: {integrity: sha512-Kvp459HrV2FEJ1CAsi1Ku+MY3kasH19TFykTz2xWmMeq6bk2NU3XXvfJ+Q61m0xktWwt+1HSYf3JZsTms3aRJg==}

  cosmiconfig@8.3.6:
    resolution: {integrity: sha512-kcZ6+W5QzcJ3P1Mt+83OUv/oHFqZHIx8DuxG6eZ5RGMERoLqp4BuGjhHLYGK+Kf5XVkQvqBSmAy/nGWN3qDgEA==}
    engines: {node: '>=14'}
    peerDependencies:
      typescript: '>=4.9.5'
    peerDependenciesMeta:
      typescript:
        optional: true

  css-select@5.2.2:
    resolution: {integrity: sha512-TizTzUddG/xYLA3NXodFM0fSbNizXjOKhqiQQwvhlspadZokn1KDy0NZFS0wuEubIYAV5/c1/lAr0TaaFXEXzw==}

  css-tree@2.2.1:
    resolution: {integrity: sha512-OA0mILzGc1kCOCSJerOeqDxDQ4HOh+G8NbOJFOTgOCzpw7fCBubk0fEyxp8AgOL/jvLgYA/uV0cMbe43ElF1JA==}
    engines: {node: ^10 || ^12.20.0 || ^14.13.0 || >=15.0.0, npm: '>=7.0.0'}

  css-tree@2.3.1:
    resolution: {integrity: sha512-6Fv1DV/TYw//QF5IzQdqsNDjx/wc8TrMBZsqjL9eW01tWb7R7k/mq+/VXfJCl7SoD5emsJop9cOByJZfs8hYIw==}
    engines: {node: ^10 || ^12.20.0 || ^14.13.0 || >=15.0.0}

  css-what@6.2.2:
    resolution: {integrity: sha512-u/O3vwbptzhMs3L1fQE82ZSLHQQfto5gyZzwteVIEyeaY5Fc7R4dapF/BvRoSYFeqfBk4m0V1Vafq5Pjv25wvA==}
    engines: {node: '>= 6'}

  csso@5.0.5:
    resolution: {integrity: sha512-0LrrStPOdJj+SPCCrGhzryycLjwcgUSHBtxNA8aIDxf0GLsRh1cKYhB00Gd1lDOS4yGH69+SNn13+TWbVHETFQ==}
    engines: {node: ^10 || ^12.20.0 || ^14.13.0 || >=15.0.0, npm: '>=7.0.0'}

  debug@4.4.3:
    resolution: {integrity: sha512-RGwwWnwQvkVfavKVt22FGLw+xYSdzARwm0ru6DhTVA3umU5hZc28V3kO4stgYryrTlLpuvgI9GiijltAjNbcqA==}
    engines: {node: '>=6.0'}
    peerDependencies:
      supports-color: '*'
    peerDependenciesMeta:
      supports-color:
        optional: true

  deepmerge@4.3.1:
    resolution: {integrity: sha512-3sUqbMEc77XqpdNO7FRyRog+eW3ph+GYCbj+rK+uYyRMuwsVy0rMiVtPn+QJlKFvWP/1PYpapqYn0Me2knFn+A==}
    engines: {node: '>=0.10.0'}

  dom-serializer@2.0.0:
    resolution: {integrity: sha512-wIkAryiqt/nV5EQKqQpo3SToSOV9J0DnbJqwK7Wv/Trc92zIAYZ4FlMu+JPFW1DfGFt81ZTCGgDEabffXeLyJg==}

  domelementtype@2.3.0:
    resolution: {integrity: sha512-OLETBj6w0OsagBwdXnPdN0cnMfF9opN69co+7ZrbfPGrdpPVNBUj02spi6B1N7wChLQiPn4CSH/zJvXw56gmHw==}

  domhandler@5.0.3:
    resolution: {integrity: sha512-cgwlv/1iFQiFnU96XXgROh8xTeetsnJiDsTc7TYCLFd9+/WNkIqPTxiM/8pSd8VIrhXGTf1Ny1q1hquVqDJB5w==}
    engines: {node: '>= 4'}

  domutils@3.2.2:
    resolution: {integrity: sha512-6kZKyUajlDuqlHKVX1w7gyslj9MPIXzIFiz/rGu35uC1wMi+kMhQwGhl4lt9unC9Vb9INnY9Z3/ZA3+FhASLaw==}

  dot-case@3.0.4:
    resolution: {integrity: sha512-Kv5nKlh6yRrdrGvxeJ2e5y2eRUpkUosIW4A2AS38zwSz27zu7ufDwQPi5Jhs3XAlGNetl3bmnGhQsMtkKJnj3w==}

  electron-to-chromium@1.5.258:
    resolution: {integrity: sha512-rHUggNV5jKQ0sSdWwlaRDkFc3/rRJIVnOSe9yR4zrR07m3ZxhP4N27Hlg8VeJGGYgFTxK5NqDmWI4DSH72vIJg==}

  entities@4.5.0:
    resolution: {integrity: sha512-V0hjH4dGPh9Ao5p0MoRY6BVqtwCjhz6vI5LT8AJ55H+4g9/4vbHx1I54fS0XuclLhDHArPQCiMjDxjaL8fPxhw==}
    engines: {node: '>=0.12'}

  error-ex@1.3.4:
    resolution: {integrity: sha512-sqQamAnR14VgCr1A618A3sGrygcpK+HEbenA/HiEAkkUwcZIIB/tgWqHFxWgOyDh4nB4JCRimh79dR5Ywc9MDQ==}

  escalade@3.2.0:
    resolution: {integrity: sha512-WUj2qlxaQtO4g6Pq5c29GTcWGDyd8itL8zTlipgECz3JesAiiOKotd8JU6otB3PACgG6xkJUyVhboMS+bje/jA==}
    engines: {node: '>=6'}

  gensync@1.0.0-beta.2:
    resolution: {integrity: sha512-3hN7NaskYvMDLQY55gnW3NQ+mesEAepTqlg+VEbj7zzqEMBVNhzcGYYeqFo/TlYz6eQiFcp1HcsCZO+nGgS8zg==}
    engines: {node: '>=6.9.0'}

  import-fresh@3.3.1:
    resolution: {integrity: sha512-TR3KfrTZTYLPB6jUjfx6MF9WcWrHL9su5TObK4ZkYgBdWKPOFoSoQIdEuTuR82pmtxH2spWG9h6etwfr1pLBqQ==}
    engines: {node: '>=6'}

  is-arrayish@0.2.1:
    resolution: {integrity: sha512-zz06S8t0ozoDXMG+ube26zeCTNXcKIPJZJi8hBrF4idCLms4CG9QtK7qBl1boi5ODzFpjswb5JPmHCbMpjaYzg==}

  js-tokens@4.0.0:
    resolution: {integrity: sha512-RdJUflcE3cUzKiMqQgsCu06FPu9UdIJO0beYbPhHN4k6apgJtifcoCtT9bcxOpYBtpD2kCM6Sbzg4CausW/PKQ==}

  js-yaml@4.1.1:
    resolution: {integrity: sha512-qQKT4zQxXl8lLwBtHMWwaTcGfFOZviOJet3Oy/xmGk2gZH677CJM9EvtfdSkgWcATZhj/55JZ0rmy3myCT5lsA==}
    hasBin: true

  jsesc@3.1.0:
    resolution: {integrity: sha512-/sM3dO2FOzXjKQhJuo0Q173wf2KOo8t4I8vHy6lF9poUp7bKT0/NHE8fPX23PwfhnykfqnC2xRxOnVw5XuGIaA==}
    engines: {node: '>=6'}
    hasBin: true

  json-parse-even-better-errors@2.3.1:
    resolution: {integrity: sha512-xyFwyhro/JEof6Ghe2iz2NcXoj2sloNsWr/XsERDK/oiPCfaNhl5ONfp+jQdAZRQQ0IJWNzH9zIZF7li91kh2w==}

  json5@2.2.3:
    resolution: {integrity: sha512-XmOWe7eyHYH14cLdVPoyg+GOH3rYX++KpzrylJwSW98t3Nk+U8XOl8FWKOgwtzdb8lXGf6zYwDUzeHMWfxasyg==}
    engines: {node: '>=6'}
    hasBin: true

  lines-and-columns@1.2.4:
    resolution: {integrity: sha512-7ylylesZQ/PV29jhEDl3Ufjo6ZX7gCqJr5F7PKrqc93v7fzSymt1BpwEU8nAUXs8qzzvqhbjhK5QZg6Mt/HkBg==}

  lower-case@2.0.2:
    resolution: {integrity: sha512-7fm3l3NAF9WfN6W3JOmf5drwpVqX78JtoGJ3A6W0a6ZnldM41w2fV5D490psKFTpMds8TJse/eHLFFsNHHjHgg==}

  lru-cache@5.1.1:
    resolution: {integrity: sha512-KpNARQA3Iwv+jTA0utUVVbrh+Jlrr1Fv0e56GGzAFOXN7dk/FviaDW8LHmK52DlcH4WP2n6gI8vN1aesBFgo9w==}

  mdn-data@2.0.28:
    resolution: {integrity: sha512-aylIc7Z9y4yzHYAJNuESG3hfhC+0Ibp/MAMiaOZgNv4pmEdFyfZhhhny4MNiAfWdBQ1RQ2mfDWmM1x8SvGyp8g==}

  mdn-data@2.0.30:
    resolution: {integrity: sha512-GaqWWShW4kv/G9IEucWScBx9G1/vsFZZJUO+tD26M8J8z3Kw5RDQjaoZe03YAClgeS/SWPOcb4nkFBTEi5DUEA==}

  ms@2.1.3:
    resolution: {integrity: sha512-6FlzubTLZG3J2a/NVCAleEhjzq5oxgHyaCU9yYXvcLsvoVaHJq/s5xXI6/XXP6tz7R9xAOtHnSO/tXtF3WRTlA==}

  no-case@3.0.4:
    resolution: {integrity: sha512-fgAN3jGAh+RoxUGZHTSOLJIqUc2wmoBwGR4tbpNAKmmovFoWq0OdRkb0VkldReO2a2iBT/OEulG9XSUc10r3zg==}

  node-releases@2.0.27:
    resolution: {integrity: sha512-nmh3lCkYZ3grZvqcCH+fjmQ7X+H0OeZgP40OierEaAptX4XofMh5kwNbWh7lBduUzCcV/8kZ+NDLCwm2iorIlA==}

  nth-check@2.1.1:
    resolution: {integrity: sha512-lqjrjmaOoAnWfMmBPL+XNnynZh2+swxiX3WUE0s4yEHI6m+AwrK2UZOimIRl3X/4QctVqS8AiZjFqyOGrMXb/w==}

  parent-module@1.0.1:
    resolution: {integrity: sha512-GQ2EWRpQV8/o+Aw8YqtfZZPfNRWZYkbidE9k5rpl/hC3vtHHBfGm2Ifi6qWV+coDGkrUKZAxE3Lot5kcsRlh+g==}
    engines: {node: '>=6'}

  parse-json@5.2.0:
    resolution: {integrity: sha512-ayCKvm/phCGxOkYRSCM82iDwct8/EonSEgCSxWxD7ve6jHggsFl4fZVQBPRNgQoKiuV/odhFrGzQXZwbifC8Rg==}
    engines: {node: '>=8'}

  path-type@4.0.0:
    resolution: {integrity: sha512-gDKb8aZMDeD/tZWs9P6+q0J9Mwkdl6xMV8TjnGP3qJVJ06bdMgkbBlLU8IdfOsIsFz2BW1rNVT3XuNEl8zPAvw==}
    engines: {node: '>=8'}

  picocolors@1.1.1:
    resolution: {integrity: sha512-xceH2snhtb5M9liqDsmEw56le376mTZkEX/jEb/RxNFyegNul7eNslCXP9FDj/Lcu0X8KEyMceP2ntpaHrDEVA==}

  prettier@2.8.8:
    resolution: {integrity: sha512-tdN8qQGvNjw4CHbY+XXk0JgCXn9QiF21a55rBe5LJAU+kDyC4WQn4+awm2Xfk2lQMk5fKup9XgzTZtGkjBdP9Q==}
    engines: {node: '>=10.13.0'}
    hasBin: true

  resolve-from@4.0.0:
    resolution: {integrity: sha512-pb/MYmXstAkysRFx8piNI1tGFNQIFA3vkE3Gq4EuA1dF6gHp/+vgZqsCGJapvy8N3Q+4o7FwvquPJcnZ7RYy4g==}
    engines: {node: '>=4'}

  semver@6.3.1:
    resolution: {integrity: sha512-BR7VvDCVHO+q2xBEWskxS6DJE1qRnb7DxzUrogb71CWoSficBxYsiAGd+Kl0mmq/MprG9yArRkyrQxTO6XjMzA==}
    hasBin: true

  snake-case@3.0.4:
    resolution: {integrity: sha512-LAOh4z89bGQvl9pFfNF8V146i7o7/CqFPbqzYgP+yYzDIDeS9HaNFtXABamRW+AQzEVODcvE79ljJ+8a9YSdMg==}

  source-map-js@1.2.1:
    resolution: {integrity: sha512-UXWMKhLOwVKb728IUtQPXxfYU+usdybtUrK/8uGE8CQMvrhOpwvzDBwj0QhSL7MQc7vIsISBG8VQ8+IDQxpfQA==}
    engines: {node: '>=0.10.0'}

  svg-parser@2.0.4:
    resolution: {integrity: sha512-e4hG1hRwoOdRb37cIMSgzNsxyzKfayW6VOflrwvR+/bzrkyxY/31WkbgnQpgtrNp1SdpJvpUAGTa/ZoiPNDuRQ==}

  svgo@3.3.2:
    resolution: {integrity: sha512-OoohrmuUlBs8B8o6MB2Aevn+pRIH9zDALSR+6hhqVfa6fRwG/Qw9VUMSMW9VNg2CFc/MTIfabtdOVl9ODIJjpw==}
    engines: {node: '>=14.0.0'}
    hasBin: true

  tslib@2.8.1:
    resolution: {integrity: sha512-oJFu94HQb+KVduSUQL7wnpmqnfmLsOA/nAh6b6EH0wCEoK0/mPeXU6c3wKDV83MkOuHPRHtSXKKU99IBazS/2w==}

  update-browserslist-db@1.1.4:
    resolution: {integrity: sha512-q0SPT4xyU84saUX+tomz1WLkxUbuaJnR1xWt17M7fJtEJigJeWUNGUqrauFXsHnqev9y9JTRGwk13tFBuKby4A==}
    hasBin: true
    peerDependencies:
      browserslist: '>= 4.21.0'

  yallist@3.1.1:
    resolution: {integrity: sha512-a4UGQaWPH59mOXUYnAG2ewncQS4i4F43Tv3JoAM+s2VDAmS9NsK8GpDMLrCHPksFT7h3K6TOoUNn2pb7RoXx4g==}

snapshots:

  '@babel/code-frame@7.27.1':
    dependencies:
      '@babel/helper-validator-identifier': 7.28.5
      js-tokens: 4.0.0
      picocolors: 1.1.1

  '@babel/compat-data@7.28.5': {}

  '@babel/core@7.28.5':
    dependencies:
      '@babel/code-frame': 7.27.1
      '@babel/generator': 7.28.5
      '@babel/helper-compilation-targets': 7.27.2
      '@babel/helper-module-transforms': 7.28.3(@babel/core@7.28.5)
      '@babel/helpers': 7.28.4
      '@babel/parser': 7.28.5
      '@babel/template': 7.27.2
      '@babel/traverse': 7.28.5
      '@babel/types': 7.28.5
      '@jridgewell/remapping': 2.3.5
      convert-source-map: 2.0.0
      debug: 4.4.3
      gensync: 1.0.0-beta.2
      json5: 2.2.3
      semver: 6.3.1
    transitivePeerDependencies:
      - supports-color

  '@babel/generator@7.28.5':
    dependencies:
      '@babel/parser': 7.28.5
      '@babel/types': 7.28.5
      '@jridgewell/gen-mapping': 0.3.13
      '@jridgewell/trace-mapping': 0.3.31
      jsesc: 3.1.0

  '@babel/helper-compilation-targets@7.27.2':
    dependencies:
      '@babel/compat-data': 7.28.5
      '@babel/helper-validator-option': 7.27.1
      browserslist: 4.28.0
      lru-cache: 5.1.1
      semver: 6.3.1

  '@babel/helper-globals@7.28.0': {}

  '@babel/helper-module-imports@7.27.1':
    dependencies:
      '@babel/traverse': 7.28.5
      '@babel/types': 7.28.5
    transitivePeerDependencies:
      - supports-color

  '@babel/helper-module-transforms@7.28.3(@babel/core@7.28.5)':
    dependencies:
      '@babel/core': 7.28.5
      '@babel/helper-module-imports': 7.27.1
      '@babel/helper-validator-identifier': 7.28.5
      '@babel/traverse': 7.28.5
    transitivePeerDependencies:
      - supports-color

  '@babel/helper-string-parser@7.27.1': {}

  '@babel/helper-validator-identifier@7.28.5': {}

  '@babel/helper-validator-option@7.27.1': {}

  '@babel/helpers@7.28.4':
    dependencies:
      '@babel/template': 7.27.2
      '@babel/types': 7.28.5

  '@babel/parser@7.28.5':
    dependencies:
      '@babel/types': 7.28.5

  '@babel/template@7.27.2':
    dependencies:
      '@babel/code-frame': 7.27.1
      '@babel/parser': 7.28.5
      '@babel/types': 7.28.5

  '@babel/traverse@7.28.5':
    dependencies:
      '@babel/code-frame': 7.27.1
      '@babel/generator': 7.28.5
      '@babel/helper-globals': 7.28.0
      '@babel/parser': 7.28.5
      '@babel/template': 7.27.2
      '@babel/types': 7.28.5
      debug: 4.4.3
    transitivePeerDependencies:
      - supports-color

  '@babel/types@7.28.5':
    dependencies:
      '@babel/helper-string-parser': 7.27.1
      '@babel/helper-validator-identifier': 7.28.5

  '@jridgewell/gen-mapping@0.3.13':
    dependencies:
      '@jridgewell/sourcemap-codec': 1.5.5
      '@jridgewell/trace-mapping': 0.3.31

  '@jridgewell/remapping@2.3.5':
    dependencies:
      '@jridgewell/gen-mapping': 0.3.13
      '@jridgewell/trace-mapping': 0.3.31

  '@jridgewell/resolve-uri@3.1.2': {}

  '@jridgewell/sourcemap-codec@1.5.5': {}

  '@jridgewell/trace-mapping@0.3.31':
    dependencies:
      '@jridgewell/resolve-uri': 3.1.2
      '@jridgewell/sourcemap-codec': 1.5.5

  '@svgr/babel-plugin-add-jsx-attribute@8.0.0(@babel/core@7.28.5)':
    dependencies:
      '@babel/core': 7.28.5

  '@svgr/babel-plugin-remove-jsx-attribute@8.0.0(@babel/core@7.28.5)':
    dependencies:
      '@babel/core': 7.28.5

  '@svgr/babel-plugin-remove-jsx-empty-expression@8.0.0(@babel/core@7.28.5)':
    dependencies:
      '@babel/core': 7.28.5

  '@svgr/babel-plugin-replace-jsx-attribute-value@8.0.0(@babel/core@7.28.5)':
    dependencies:
      '@babel/core': 7.28.5

  '@svgr/babel-plugin-svg-dynamic-title@8.0.0(@babel/core@7.28.5)':
    dependencies:
      '@babel/core': 7.28.5

  '@svgr/babel-plugin-svg-em-dimensions@8.0.0(@babel/core@7.28.5)':
    dependencies:
      '@babel/core': 7.28.5

  '@svgr/babel-plugin-transform-react-native-svg@8.1.0(@babel/core@7.28.5)':
    dependencies:
      '@babel/core': 7.28.5

  '@svgr/babel-plugin-transform-svg-component@8.0.0(@babel/core@7.28.5)':
    dependencies:
      '@babel/core': 7.28.5

  '@svgr/babel-preset@8.1.0(@babel/core@7.28.5)':
    dependencies:
      '@babel/core': 7.28.5
      '@svgr/babel-plugin-add-jsx-attribute': 8.0.0(@babel/core@7.28.5)
      '@svgr/babel-plugin-remove-jsx-attribute': 8.0.0(@babel/core@7.28.5)
      '@svgr/babel-plugin-remove-jsx-empty-expression': 8.0.0(@babel/core@7.28.5)
      '@svgr/babel-plugin-replace-jsx-attribute-value': 8.0.0(@babel/core@7.28.5)
      '@svgr/babel-plugin-svg-dynamic-title': 8.0.0(@babel/core@7.28.5)
      '@svgr/babel-plugin-svg-em-dimensions': 8.0.0(@babel/core@7.28.5)
      '@svgr/babel-plugin-transform-react-native-svg': 8.1.0(@babel/core@7.28.5)
      '@svgr/babel-plugin-transform-svg-component': 8.0.0(@babel/core@7.28.5)

  '@svgr/core@8.1.0':
    dependencies:
      '@babel/core': 7.28.5
      '@svgr/babel-preset': 8.1.0(@babel/core@7.28.5)
      camelcase: 6.3.0
      cosmiconfig: 8.3.6
      snake-case: 3.0.4
    transitivePeerDependencies:
      - supports-color
      - typescript

  '@svgr/hast-util-to-babel-ast@8.0.0':
    dependencies:
      '@babel/types': 7.28.5
      entities: 4.5.0

  '@svgr/plugin-jsx@8.1.0(@svgr/core@8.1.0)':
    dependencies:
      '@babel/core': 7.28.5
      '@svgr/babel-preset': 8.1.0(@babel/core@7.28.5)
      '@svgr/core': 8.1.0
      '@svgr/hast-util-to-babel-ast': 8.0.0
      svg-parser: 2.0.4
    transitivePeerDependencies:
      - supports-color

  '@svgr/plugin-prettier@8.1.0(@svgr/core@8.1.0)':
    dependencies:
      '@svgr/core': 8.1.0
      deepmerge: 4.3.1
      prettier: 2.8.8

  '@svgr/plugin-svgo@8.1.0(@svgr/core@8.1.0)':
    dependencies:
      '@svgr/core': 8.1.0
      cosmiconfig: 8.3.6
      deepmerge: 4.3.1
      svgo: 3.3.2
    transitivePeerDependencies:
      - typescript

  '@trysound/sax@0.2.0': {}

  argparse@2.0.1: {}

  baseline-browser-mapping@2.8.29: {}

  boolbase@1.0.0: {}

  browserslist@4.28.0:
    dependencies:
      baseline-browser-mapping: 2.8.29
      caniuse-lite: 1.0.30001756
      electron-to-chromium: 1.5.258
      node-releases: 2.0.27
      update-browserslist-db: 1.1.4(browserslist@4.28.0)

  callsites@3.1.0: {}

  camelcase@6.3.0: {}

  caniuse-lite@1.0.30001756: {}

  commander@7.2.0: {}

  convert-source-map@2.0.0: {}

  cosmiconfig@8.3.6:
    dependencies:
      import-fresh: 3.3.1
      js-yaml: 4.1.1
      parse-json: 5.2.0
      path-type: 4.0.0

  css-select@5.2.2:
    dependencies:
      boolbase: 1.0.0
      css-what: 6.2.2
      domhandler: 5.0.3
      domutils: 3.2.2
      nth-check: 2.1.1

  css-tree@2.2.1:
    dependencies:
      mdn-data: 2.0.28
      source-map-js: 1.2.1

  css-tree@2.3.1:
    dependencies:
      mdn-data: 2.0.30
      source-map-js: 1.2.1

  css-what@6.2.2: {}

  csso@5.0.5:
    dependencies:
      css-tree: 2.2.1

  debug@4.4.3:
    dependencies:
      ms: 2.1.3

  deepmerge@4.3.1: {}

  dom-serializer@2.0.0:
    dependencies:
      domelementtype: 2.3.0
      domhandler: 5.0.3
      entities: 4.5.0

  domelementtype@2.3.0: {}

  domhandler@5.0.3:
    dependencies:
      domelementtype: 2.3.0

  domutils@3.2.2:
    dependencies:
      dom-serializer: 2.0.0
      domelementtype: 2.3.0
      domhandler: 5.0.3

  dot-case@3.0.4:
    dependencies:
      no-case: 3.0.4
      tslib: 2.8.1

  electron-to-chromium@1.5.258: {}

  entities@4.5.0: {}

  error-ex@1.3.4:
    dependencies:
      is-arrayish: 0.2.1

  escalade@3.2.0: {}

  gensync@1.0.0-beta.2: {}

  import-fresh@3.3.1:
    dependencies:
      parent-module: 1.0.1
      resolve-from: 4.0.0

  is-arrayish@0.2.1: {}

  js-tokens@4.0.0: {}

  js-yaml@4.1.1:
    dependencies:
      argparse: 2.0.1

  jsesc@3.1.0: {}

  json-parse-even-better-errors@2.3.1: {}

  json5@2.2.3: {}

  lines-and-columns@1.2.4: {}

  lower-case@2.0.2:
    dependencies:
      tslib: 2.8.1

  lru-cache@5.1.1:
    dependencies:
      yallist: 3.1.1

  mdn-data@2.0.28: {}

  mdn-data@2.0.30: {}

  ms@2.1.3: {}

  no-case@3.0.4:
    dependencies:
      lower-case: 2.0.2
      tslib: 2.8.1

  node-releases@2.0.27: {}

  nth-check@2.1.1:
    dependencies:
      boolbase: 1.0.0

  parent-module@1.0.1:
    dependencies:
      callsites: 3.1.0

  parse-json@5.2.0:
    dependencies:
      '@babel/code-frame': 7.27.1
      error-ex: 1.3.4
      json-parse-even-better-errors: 2.3.1
      lines-and-columns: 1.2.4

  path-type@4.0.0: {}

  picocolors@1.1.1: {}

  prettier@2.8.8: {}

  resolve-from@4.0.0: {}

  semver@6.3.1: {}

  snake-case@3.0.4:
    dependencies:
      dot-case: 3.0.4
      tslib: 2.8.1

  source-map-js@1.2.1: {}

  svg-parser@2.0.4: {}

  svgo@3.3.2:
    dependencies:
      '@trysound/sax': 0.2.0
      commander: 7.2.0
      css-select: 5.2.2
      css-tree: 2.3.1
      css-what: 6.2.2
      csso: 5.0.5
      picocolors: 1.1.1

  tslib@2.8.1: {}

  update-browserslist-db@1.1.4(browserslist@4.28.0):
    dependencies:
      browserslist: 4.28.0
      escalade: 3.2.0
      picocolors: 1.1.1

  yallist@3.1.1: {}
